// !$*UTF8*$!
{
	archiveVersion = 1;
	classes = {
	};
	objectVersion = 46;
	objects = {

/* Begin PBXBuildFile section */
		03F24C3215633B09007EF443 /* UIKit.framework in Frameworks */ = {isa = PBXBuildFile; fileRef = 03F24C3115633B09007EF443 /* UIKit.framework */; };
		03F24C3415633B09007EF443 /* Foundation.framework in Frameworks */ = {isa = PBXBuildFile; fileRef = 03F24C3315633B09007EF443 /* Foundation.framework */; };
		03F24C3615633B09007EF443 /* CoreGraphics.framework in Frameworks */ = {isa = PBXBuildFile; fileRef = 03F24C3515633B09007EF443 /* CoreGraphics.framework */; };
		03F24C3C15633B09007EF443 /* InfoPlist.strings in Resources */ = {isa = PBXBuildFile; fileRef = 03F24C3A15633B09007EF443 /* InfoPlist.strings */; };
		03F24C3E15633B09007EF443 /* main.m in Sources */ = {isa = PBXBuildFile; fileRef = 03F24C3D15633B09007EF443 /* main.m */; };
		03F24C4215633B0A007EF443 /* AppDelegate.m in Sources */ = {isa = PBXBuildFile; fileRef = 03F24C4115633B0A007EF443 /* AppDelegate.m */; };
		03F24C4A15633B0A007EF443 /* SenTestingKit.framework in Frameworks */ = {isa = PBXBuildFile; fileRef = 03F24C4915633B0A007EF443 /* SenTestingKit.framework */; };
		03F24C4B15633B0A007EF443 /* UIKit.framework in Frameworks */ = {isa = PBXBuildFile; fileRef = 03F24C3115633B09007EF443 /* UIKit.framework */; };
		03F24C4C15633B0A007EF443 /* Foundation.framework in Frameworks */ = {isa = PBXBuildFile; fileRef = 03F24C3315633B09007EF443 /* Foundation.framework */; };
		03F24C5415633B0A007EF443 /* InfoPlist.strings in Resources */ = {isa = PBXBuildFile; fileRef = 03F24C5215633B0A007EF443 /* InfoPlist.strings */; };
		03F24C5715633B0A007EF443 /* sketchiTests.m in Sources */ = {isa = PBXBuildFile; fileRef = 03F24C5615633B0A007EF443 /* sketchiTests.m */; };
/* End PBXBuildFile section */

/* Begin PBXContainerItemProxy section */
		03F24C4D15633B0A007EF443 /* PBXContainerItemProxy */ = {
			isa = PBXContainerItemProxy;
			containerPortal = 03F24C2415633B09007EF443 /* Project object */;
			proxyType = 1;
			remoteGlobalIDString = 03F24C2C15633B09007EF443;
			remoteInfo = sketchi;
		};
/* End PBXContainerItemProxy section */

/* Begin PBXFileReference section */
		03F24C2D15633B09007EF443 /* sketchi.app */ = {isa = PBXFileReference; explicitFileType = wrapper.application; includeInIndex = 0; path = sketchi.app; sourceTree = BUILT_PRODUCTS_DIR; };
		03F24C3115633B09007EF443 /* UIKit.framework */ = {isa = PBXFileReference; lastKnownFileType = wrapper.framework; name = UIKit.framework; path = System/Library/Frameworks/UIKit.framework; sourceTree = SDKROOT; };
		03F24C3315633B09007EF443 /* Foundation.framework */ = {isa = PBXFileReference; lastKnownFileType = wrapper.framework; name = Foundation.framework; path = System/Library/Frameworks/Foundation.framework; sourceTree = SDKROOT; };
		03F24C3515633B09007EF443 /* CoreGraphics.framework */ = {isa = PBXFileReference; lastKnownFileType = wrapper.framework; name = CoreGraphics.framework; path = System/Library/Frameworks/CoreGraphics.framework; sourceTree = SDKROOT; };
		03F24C3915633B09007EF443 /* sketchi-Info.plist */ = {isa = PBXFileReference; path = "sketchi-Info.plist"; sourceTree = "<group>"; };
		03F24C3B15633B09007EF443 /* en */ = {isa = PBXFileReference; lastKnownFileType = text.plist.strings; name = en; path = en.lproj/InfoPlist.strings; sourceTree = "<group>"; };
		03F24C3D15633B09007EF443 /* main.m */ = {isa = PBXFileReference; lastKnownFileType = sourcecode.c.objc; path = main.m; sourceTree = "<group>"; };
		03F24C3F15633B09007EF443 /* sketchi-Prefix.pch */ = {isa = PBXFileReference; path = "sketchi-Prefix.pch"; sourceTree = "<group>"; };
		03F24C4015633B09007EF443 /* AppDelegate.h */ = {isa = PBXFileReference; path = AppDelegate.h; sourceTree = "<group>"; };
		03F24C4115633B0A007EF443 /* AppDelegate.m */ = {isa = PBXFileReference; lastKnownFileType = sourcecode.c.objc; path = AppDelegate.m; sourceTree = "<group>"; };
		03F24C4815633B0A007EF443 /* sketchiTests.octest */ = {isa = PBXFileReference; explicitFileType = wrapper.cfbundle; includeInIndex = 0; path = sketchiTests.octest; sourceTree = BUILT_PRODUCTS_DIR; };
		03F24C4915633B0A007EF443 /* SenTestingKit.framework */ = {isa = PBXFileReference; lastKnownFileType = wrapper.framework; name = SenTestingKit.framework; path = Library/Frameworks/SenTestingKit.framework; sourceTree = DEVELOPER_DIR; };
		03F24C5115633B0A007EF443 /* sketchiTests-Info.plist */ = {isa = PBXFileReference; path = "sketchiTests-Info.plist"; sourceTree = "<group>"; };
		03F24C5315633B0A007EF443 /* en */ = {isa = PBXFileReference; lastKnownFileType = text.plist.strings; name = en; path = en.lproj/InfoPlist.strings; sourceTree = "<group>"; };
		03F24C5515633B0A007EF443 /* sketchiTests.h */ = {isa = PBXFileReference; path = sketchiTests.h; sourceTree = "<group>"; };
		03F24C5615633B0A007EF443 /* sketchiTests.m */ = {isa = PBXFileReference; lastKnownFileType = sourcecode.c.objc; path = sketchiTests.m; sourceTree = "<group>"; };
/* End PBXFileReference section */

/* Begin PBXFrameworksBuildPhase section */
		03F24C2A15633B09007EF443 /* Frameworks */ = {
			isa = PBXFrameworksBuildPhase;
			buildActionMask = 2147483647;
			files = (
				03F24C3215633B09007EF443 /* UIKit.framework in Frameworks */,
				03F24C3415633B09007EF443 /* Foundation.framework in Frameworks */,
				03F24C3615633B09007EF443 /* CoreGraphics.framework in Frameworks */,
			);
			runOnlyForDeploymentPostprocessing = 0;
		};
		03F24C4415633B0A007EF443 /* Frameworks */ = {
			isa = PBXFrameworksBuildPhase;
			buildActionMask = 2147483647;
			files = (
				03F24C4A15633B0A007EF443 /* SenTestingKit.framework in Frameworks */,
				03F24C4B15633B0A007EF443 /* UIKit.framework in Frameworks */,
				03F24C4C15633B0A007EF443 /* Foundation.framework in Frameworks */,
			);
			runOnlyForDeploymentPostprocessing = 0;
		};
/* End PBXFrameworksBuildPhase section */

/* Begin PBXGroup section */
		03F24C2215633B09007EF443 = {
			isa = PBXGroup;
			children = (
				03F24C3715633B09007EF443 /* sketchi */,
				03F24C4F15633B0A007EF443 /* sketchiTests */,
				03F24C3015633B09007EF443 /* Frameworks */,
				03F24C2E15633B09007EF443 /* Products */,
			);
			sourceTree = "<group>";
		};
		03F24C2E15633B09007EF443 /* Products */ = {
			isa = PBXGroup;
			children = (
				03F24C2D15633B09007EF443 /* sketchi.app */,
				03F24C4815633B0A007EF443 /* sketchiTests.octest */,
			);
			name = Products;
			sourceTree = "<group>";
		};
		03F24C3015633B09007EF443 /* Frameworks */ = {
			isa = PBXGroup;
			children = (
				03F24C3115633B09007EF443 /* UIKit.framework */,
				03F24C3315633B09007EF443 /* Foundation.framework */,
				03F24C3515633B09007EF443 /* CoreGraphics.framework */,
				03F24C4915633B0A007EF443 /* SenTestingKit.framework */,
			);
			name = Frameworks;
			sourceTree = "<group>";
		};
		03F24C3715633B09007EF443 /* sketchi */ = {
			isa = PBXGroup;
			children = (
				03F24C4015633B09007EF443 /* AppDelegate.h */,
				03F24C4115633B0A007EF443 /* AppDelegate.m */,
				03F24C3815633B09007EF443 /* Supporting Files */,
			);
			path = sketchi;
			sourceTree = "<group>";
		};
		03F24C3815633B09007EF443 /* Supporting Files */ = {
			isa = PBXGroup;
			children = (
				03F24C3915633B09007EF443 /* sketchi-Info.plist */,
				03F24C3A15633B09007EF443 /* InfoPlist.strings */,
				03F24C3D15633B09007EF443 /* main.m */,
				03F24C3F15633B09007EF443 /* sketchi-Prefix.pch */,
			);
			name = "Supporting Files";
			sourceTree = "<group>";
		};
		03F24C4F15633B0A007EF443 /* sketchiTests */ = {
			isa = PBXGroup;
			children = (
				03F24C5515633B0A007EF443 /* sketchiTests.h */,
				03F24C5615633B0A007EF443 /* sketchiTests.m */,
				03F24C5015633B0A007EF443 /* Supporting Files */,
			);
			path = sketchiTests;
			sourceTree = "<group>";
		};
		03F24C5015633B0A007EF443 /* Supporting Files */ = {
			isa = PBXGroup;
			children = (
				03F24C5115633B0A007EF443 /* sketchiTests-Info.plist */,
				03F24C5215633B0A007EF443 /* InfoPlist.strings */,
			);
			name = "Supporting Files";
			sourceTree = "<group>";
		};
/* End PBXGroup section */

/* Begin PBXNativeTarget section */
		03F24C2C15633B09007EF443 /* sketchi */ = {
			isa = PBXNativeTarget;
			buildConfigurationList = 03F24C5A15633B0A007EF443 /* Build configuration list for PBXNativeTarget "sketchi" */;
			buildPhases = (
				03F24C2915633B09007EF443 /* Sources */,
				03F24C2A15633B09007EF443 /* Frameworks */,
				03F24C2B15633B09007EF443 /* Resources */,
			);
			buildRules = (
			);
			dependencies = (
			);
			name = sketchi;
			productName = sketchi;
			productReference = 03F24C2D15633B09007EF443 /* sketchi.app */;
			productType = "com.apple.product-type.application";
		};
		03F24C4715633B0A007EF443 /* sketchiTests */ = {
			isa = PBXNativeTarget;
			buildConfigurationList = 03F24C5D15633B0A007EF443 /* Build configuration list for PBXNativeTarget "sketchiTests" */;
			buildPhases = (
				03F24C4315633B0A007EF443 /* Sources */,
				03F24C4415633B0A007EF443 /* Frameworks */,
				03F24C4515633B0A007EF443 /* Resources */,
				03F24C4615633B0A007EF443 /* ShellScript */,
			);
			buildRules = (
			);
			dependencies = (
				03F24C4E15633B0A007EF443 /* PBXTargetDependency */,
			);
			name = sketchiTests;
			productName = sketchiTests;
			productReference = 03F24C4815633B0A007EF443 /* sketchiTests.octest */;
			productType = "com.apple.product-type.bundle";
		};
/* End PBXNativeTarget section */

/* Begin PBXProject section */
		03F24C2415633B09007EF443 /* Project object */ = {
			isa = PBXProject;
			attributes = {
				LastUpgradeCheck = 0430;
			};
			buildConfigurationList = 03F24C2715633B09007EF443 /* Build configuration list for PBXProject "sketchi" */;
			compatibilityVersion = "Xcode 3.2";
			developmentRegion = English;
			hasScannedForEncodings = 0;
			knownRegions = (
				en,
			);
			mainGroup = 03F24C2215633B09007EF443;
			productRefGroup = 03F24C2E15633B09007EF443 /* Products */;
			projectDirPath = "";
			projectRoot = "";
			targets = (
				03F24C2C15633B09007EF443 /* sketchi */,
				03F24C4715633B0A007EF443 /* sketchiTests */,
			);
		};
/* End PBXProject section */

/* Begin PBXResourcesBuildPhase section */
		03F24C2B15633B09007EF443 /* Resources */ = {
			isa = PBXResourcesBuildPhase;
			buildActionMask = 2147483647;
			files = (
				03F24C3C15633B09007EF443 /* InfoPlist.strings in Resources */,
			);
			runOnlyForDeploymentPostprocessing = 0;
		};
		03F24C4515633B0A007EF443 /* Resources */ = {
			isa = PBXResourcesBuildPhase;
			buildActionMask = 2147483647;
			files = (
				03F24C5415633B0A007EF443 /* InfoPlist.strings in Resources */,
			);
			runOnlyForDeploymentPostprocessing = 0;
		};
/* End PBXResourcesBuildPhase section */

/* Begin PBXShellScriptBuildPhase section */
		03F24C4615633B0A007EF443 /* ShellScript */ = {
			isa = PBXShellScriptBuildPhase;
			buildActionMask = 2147483647;
			files = (
			);
			inputPaths = (
			);
			outputPaths = (
			);
			runOnlyForDeploymentPostprocessing = 0;
			shellPath = /bin/sh;
			shellScript = "# Run the unit tests in this test bundle.\n\"${SYSTEM_DEVELOPER_DIR}/Tools/RunUnitTests\"\n";
		};
/* End PBXShellScriptBuildPhase section */

/* Begin PBXSourcesBuildPhase section */
		03F24C2915633B09007EF443 /* Sources */ = {
			isa = PBXSourcesBuildPhase;
			buildActionMask = 2147483647;
			files = (
				03F24C3E15633B09007EF443 /* main.m in Sources */,
				03F24C4215633B0A007EF443 /* AppDelegate.m in Sources */,
			);
			runOnlyForDeploymentPostprocessing = 0;
		};
		03F24C4315633B0A007EF443 /* Sources */ = {
			isa = PBXSourcesBuildPhase;
			buildActionMask = 2147483647;
			files = (
				03F24C5715633B0A007EF443 /* sketchiTests.m in Sources */,
			);
			runOnlyForDeploymentPostprocessing = 0;
		};
/* End PBXSourcesBuildPhase section */

/* Begin PBXTargetDependency section */
		03F24C4E15633B0A007EF443 /* PBXTargetDependency */ = {
			isa = PBXTargetDependency;
			target = 03F24C2C15633B09007EF443 /* sketchi */;
			targetProxy = 03F24C4D15633B0A007EF443 /* PBXContainerItemProxy */;
		};
/* End PBXTargetDependency section */

/* Begin PBXVariantGroup section */
		03F24C3A15633B09007EF443 /* InfoPlist.strings */ = {
			isa = PBXVariantGroup;
			children = (
				03F24C3B15633B09007EF443 /* en */,
			);
			name = InfoPlist.strings;
			sourceTree = "<group>";
		};
		03F24C5215633B0A007EF443 /* InfoPlist.strings */ = {
			isa = PBXVariantGroup;
			children = (
				03F24C5315633B0A007EF443 /* en */,
			);
			name = InfoPlist.strings;
			sourceTree = "<group>";
		};
/* End PBXVariantGroup section */

/* Begin XCBuildConfiguration section */
		03F24C5815633B0A007EF443 /* Debug */ = {
			isa = XCBuildConfiguration;
			buildSettings = {
				ALWAYS_SEARCH_USER_PATHS = NO;
				ARCHS = "$(ARCHS_STANDARD_32_BIT)";
				CLANG_ENABLE_OBJC_ARC = YES;
				"CODE_SIGN_IDENTITY[sdk=iphoneos*]" = "iPhone Developer";
				COPY_PHASE_STRIP = NO;
				GCC_C_LANGUAGE_STANDARD = gnu99;
				GCC_DYNAMIC_NO_PIC = NO;
				GCC_OPTIMIZATION_LEVEL = 0;
				GCC_PREPROCESSOR_DEFINITIONS = (
					"DEBUG=1",
					"$(inherited)",
				);
				GCC_SYMBOLS_PRIVATE_EXTERN = NO;
				GCC_VERSION = com.apple.compilers.llvm.clang.1_0;
				GCC_WARN_ABOUT_RETURN_TYPE = YES;
				GCC_WARN_UNINITIALIZED_AUTOS = YES;
				GCC_WARN_UNUSED_VARIABLE = YES;
				IPHONEOS_DEPLOYMENT_TARGET = 5.1;
				SDKROOT = iphoneos;
				TARGETED_DEVICE_FAMILY = "1,2";
			};
			name = Debug;
		};
		03F24C5915633B0A007EF443 /* Release */ = {
			isa = XCBuildConfiguration;
			buildSettings = {
				ALWAYS_SEARCH_USER_PATHS = NO;
				ARCHS = "$(ARCHS_STANDARD_32_BIT)";
				CLANG_ENABLE_OBJC_ARC = YES;
				"CODE_SIGN_IDENTITY[sdk=iphoneos*]" = "iPhone Developer";
				COPY_PHASE_STRIP = YES;
				GCC_C_LANGUAGE_STANDARD = gnu99;
				GCC_VERSION = com.apple.compilers.llvm.clang.1_0;
				GCC_WARN_ABOUT_RETURN_TYPE = YES;
				GCC_WARN_UNINITIALIZED_AUTOS = YES;
				GCC_WARN_UNUSED_VARIABLE = YES;
				IPHONEOS_DEPLOYMENT_TARGET = 5.1;
				OTHER_CFLAGS = "-DNS_BLOCK_ASSERTIONS=1";
				SDKROOT = iphoneos;
				TARGETED_DEVICE_FAMILY = "1,2";
				VALIDATE_PRODUCT = YES;
			};
			name = Release;
		};
		03F24C5B15633B0A007EF443 /* Debug */ = {
			isa = XCBuildConfiguration;
			buildSettings = {
				GCC_PRECOMPILE_PREFIX_HEADER = YES;
				GCC_PREFIX_HEADER = "sketchi/sketchi-Prefix.pch";
				INFOPLIST_FILE = "sketchi/sketchi-Info.plist";
				PRODUCT_NAME = "$(TARGET_NAME)";
				WRAPPER_EXTENSION = app;
			};
			name = Debug;
		};
		03F24C5C15633B0A007EF443 /* Release */ = {
			isa = XCBuildConfiguration;
			buildSettings = {
				GCC_PRECOMPILE_PREFIX_HEADER = YES;
				GCC_PREFIX_HEADER = "sketchi/sketchi-Prefix.pch";
				INFOPLIST_FILE = "sketchi/sketchi-Info.plist";
				PRODUCT_NAME = "$(TARGET_NAME)";
				WRAPPER_EXTENSION = app;
			};
			name = Release;
		};
		03F24C5E15633B0A007EF443 /* Debug */ = {
			isa = XCBuildConfiguration;
			buildSettings = {
				BUNDLE_LOADER = "$(BUILT_PRODUCTS_DIR)/sketchi.app/sketchi";
				FRAMEWORK_SEARCH_PATHS = (
					"$(SDKROOT)/Developer/Library/Frameworks",
					"$(DEVELOPER_LIBRARY_DIR)/Frameworks",
				);
				GCC_PRECOMPILE_PREFIX_HEADER = YES;
				GCC_PREFIX_HEADER = "sketchi/sketchi-Prefix.pch";
				INFOPLIST_FILE = "sketchiTests/sketchiTests-Info.plist";
				PRODUCT_NAME = "$(TARGET_NAME)";
				TEST_HOST = "$(BUNDLE_LOADER)";
				WRAPPER_EXTENSION = octest;
			};
			name = Debug;
		};
		03F24C5F15633B0A007EF443 /* Release */ = {
			isa = XCBuildConfiguration;
			buildSettings = {
				BUNDLE_LOADER = "$(BUILT_PRODUCTS_DIR)/sketchi.app/sketchi";
				FRAMEWORK_SEARCH_PATHS = (
					"$(SDKROOT)/Developer/Library/Frameworks",
					"$(DEVELOPER_LIBRARY_DIR)/Frameworks",
				);
				GCC_PRECOMPILE_PREFIX_HEADER = YES;
				GCC_PREFIX_HEADER = "sketchi/sketchi-Prefix.pch";
				INFOPLIST_FILE = "sketchiTests/sketchiTests-Info.plist";
				PRODUCT_NAME = "$(TARGET_NAME)";
				TEST_HOST = "$(BUNDLE_LOADER)";
				WRAPPER_EXTENSION = octest;
			};
			name = Release;
		};
/* End XCBuildConfiguration section */

/* Begin XCConfigurationList section */
		03F24C2715633B09007EF443 /* Build configuration list for PBXProject "sketchi" */ = {
			isa = XCConfigurationList;
			buildConfigurations = (
				03F24C5815633B0A007EF443 /* Debug */,
				03F24C5915633B0A007EF443 /* Release */,
			);
			defaultConfigurationIsVisible = 0;
			defaultConfigurationName = Release;
		};
		03F24C5A15633B0A007EF443 /* Build configuration list for PBXNativeTarget "sketchi" */ = {
			isa = XCConfigurationList;
			buildConfigurations = (
				03F24C5B15633B0A007EF443 /* Debug */,
				03F24C5C15633B0A007EF443 /* Release */,
			);
			defaultConfigurationIsVisible = 0;
		};
		03F24C5D15633B0A007EF443 /* Build configuration list for PBXNativeTarget "sketchiTests" */ = {
			isa = XCConfigurationList;
			buildConfigurations = (
				03F24C5E15633B0A007EF443 /* Debug */,
				03F24C5F15633B0A007EF443 /* Release */,
			);
			defaultConfigurationIsVisible = 0;
		};
/* End XCConfigurationList section */
	};
	rootObject = 03F24C2415633B09007EF443 /* Project object */;
}
